
Microsoft Visual Studio Solution File, Format Version 12.00
# Visual Studio Version 16
VisualStudioVersion = 16.0.29102.190
MinimumVisualStudioVersion = 10.0.40219.1
Project("{FAE04EC0-301F-11D3-BF4B-00C04F79EFBC}") = "Moyo_Vincent_PracticalAssignment", "Moyo_Vincent_PracticalAssignment.csproj", "{28DD828A-2AEB-4091-9973-62DBC220A9E1}"
EndProject
Project("{FAE04EC0-301F-11D3-BF4B-00C04F79EFBC}") = "DataAccessLayer", "..\DataAccessLayer\DataAccessLayer.csproj", "{7CF1098A-5EEB-402F-A6B5-FA05206A8FE6}"
EndProject
Project("{FAE04EC0-301F-11D3-BF4B-00C04F79EFBC}") = "BusinessLogicLayers", "..\BusinessLogicLayers\BusinessLogicLayers.csproj", "{555102A3-5403-4F09-A16A-21530E370A61}"
EndProject
Global
	GlobalSection(SolutionConfigurationPlatforms) = preSolution
		Debug|Any CPU = Debug|Any CPU
		Release|Any CPU = Release|Any CPU
	EndGlobalSection
	GlobalSection(ProjectConfigurationPlatforms) = postSolution
		{28DD828A-2AEB-4091-9973-62DBC220A9E1}.Debug|Any CPU.ActiveCfg = Debug|Any CPU
		{28DD828A-2AEB-4091-9973-62DBC220A9E1}.Debug|Any CPU.Build.0 = Debug|Any CPU
		{28DD828A-2AEB-4091-9973-62DBC220A9E1}.Release|Any CPU.ActiveCfg = Release|Any CPU
		{28DD828A-2AEB-4091-9973-62DBC220A9E1}.Release|Any CPU.Build.0 = Release|Any CPU
		{7CF1098A-5EEB-402F-A6B5-FA05206A8FE6}.Debug|Any CPU.ActiveCfg = Debug|Any CPU
		{7CF1098A-5EEB-402F-A6B5-FA05206A8FE6}.Debug|Any CPU.Build.0 = Debug|Any CPU
		{7CF1098A-5EEB-402F-A6B5-FA05206A8FE6}.Release|Any CPU.ActiveCfg = Release|Any CPU
		{7CF1098A-5EEB-402F-A6B5-FA05206A8FE6}.Release|Any CPU.Build.0 = Release|Any CPU
		{555102A3-5403-4F09-A16A-21530E370A61}.Debug|Any CPU.ActiveCfg = Debug|Any CPU
		{555102A3-5403-4F09-A16A-21530E370A61}.Debug|Any CPU.Build.0 = Debug|Any CPU
		{555102A3-5403-4F09-A16A-21530E370A61}.Release|Any CPU.ActiveCfg = Release|Any CPU
		{555102A3-5403-4F09-A16A-21530E370A61}.Release|Any CPU.Build.0 = Release|Any CPU
	EndGlobalSection
	GlobalSection(SolutionProperties) = preSolution
		HideSolutionNode = FALSE
	EndGlobalSection
	GlobalSection(ExtensibilityGlobals) = postSolution
		SolutionGuid = {1AD8CF8F-370D-44C0-BC26-16154519FEA1}
	EndGlobalSection
EndGlobal
